<?xml version="1.0" encoding="utf-8"?>
<Project ToolsVersion="4.0" xmlns="http://schemas.microsoft.com/developer/msbuild/2003">
  <ItemGroup>
    <Filter Include="Src">
      <UniqueIdentifier>{30b94e92-cc04-45d4-b4e3-6118fa84e635}</UniqueIdentifier>
    </Filter>
    <Filter Include="Src\chat">
      <UniqueIdentifier>{d340dd58-e62b-4cb6-a828-c3daeb7ac2c1}</UniqueIdentifier>
    </Filter>
    <Filter Include="Src\logic">
      <UniqueIdentifier>{aca6687a-5ab0-40ab-857f-207d8558cc51}</UniqueIdentifier>
    </Filter>
  </ItemGroup>
  <ItemGroup>
    <ClCompile Include="..\..\GameEngine\Test\TestMain.cpp">
      <Filter>Src</Filter>
    </ClCompile>
    <ClCompile Include="..\..\GameEngine\Test\chat\client.cpp">
      <Filter>Src\chat</Filter>
    </ClCompile>
    <ClCompile Include="..\..\GameEngine\Test\chat\server.cpp">
      <Filter>Src\chat</Filter>
    </ClCompile>
    <ClCompile Include="..\..\GameEngine\Test\logic\ITestImpl.cpp">
      <Filter>Src\logic</Filter>
    </ClCompile>
  </ItemGroup>
  <ItemGroup>
    <ClInclude Include="..\..\GameEngine\Test\TestSerialize.h">
      <Filter>Src</Filter>
    </ClInclude>
    <ClInclude Include="..\..\GameEngine\Test\TestThread.h">
      <Filter>Src</Filter>
    </ClInclude>
    <ClInclude Include="..\..\GameEngine\Test\TestTime.h">
      <Filter>Src</Filter>
    </ClInclude>
    <ClInclude Include="..\..\GameEngine\Test\TestLog.h">
      <Filter>Src</Filter>
    </ClInclude>
    <ClInclude Include="..\..\GameEngine\Test\TestSmartPtr.h">
      <Filter>Src</Filter>
    </ClInclude>
    <ClInclude Include="..\..\GameEngine\Test\TestSocket.h">
      <Filter>Src</Filter>
    </ClInclude>
    <ClInclude Include="..\..\GameEngine\Test\TestUtil.h">
      <Filter>Src</Filter>
    </ClInclude>
    <ClInclude Include="..\..\GameEngine\Test\chat\client.h">
      <Filter>Src\chat</Filter>
    </ClInclude>
    <ClInclude Include="..\..\GameEngine\Test\chat\server.h">
      <Filter>Src\chat</Filter>
    </ClInclude>
    <ClInclude Include="..\..\GameEngine\Test\TestChat.h">
      <Filter>Src</Filter>
    </ClInclude>
    <ClInclude Include="..\..\GameEngine\Test\TestSerializeEx.h">
      <Filter>Src</Filter>
    </ClInclude>
    <ClInclude Include="..\..\GameEngine\Test\TestRpc.h">
      <Filter>Src</Filter>
    </ClInclude>
    <ClInclude Include="..\..\GameEngine\Test\logic\ITestImpl.h">
      <Filter>Src\logic</Filter>
    </ClInclude>
    <ClInclude Include="..\..\GameEngine\Test\TestTimer.h">
      <Filter>Src</Filter>
    </ClInclude>
  </ItemGroup>
  <ItemGroup>
    <Text Include="..\..\GameEngine\Test\TestBaseWinSocket.h">
      <Filter>Src</Filter>
    </Text>
  </ItemGroup>
</Project>