<?xml version="1.0" encoding="utf-8"?>
<Project ToolsVersion="4.0" xmlns="http://schemas.microsoft.com/developer/msbuild/2003">
  <ItemGroup>
    <Filter Include="Src">
      <UniqueIdentifier>{30b94e92-cc04-45d4-b4e3-6118fa84e635}</UniqueIdentifier>
    </Filter>
    <Filter Include="Src\log">
      <UniqueIdentifier>{191b03e4-ee42-4efd-ba6f-7036b338199d}</UniqueIdentifier>
    </Filter>
    <Filter Include="Src\logic">
      <UniqueIdentifier>{08b8ee84-e387-4a58-ae9f-85d95388ee60}</UniqueIdentifier>
    </Filter>
    <Filter Include="Src\net">
      <UniqueIdentifier>{77bcdbc7-4afe-4d79-b198-94e8b3450545}</UniqueIdentifier>
    </Filter>
    <Filter Include="Src\lua">
      <UniqueIdentifier>{7c18d7cf-d580-4424-bf15-2cabcd42af83}</UniqueIdentifier>
    </Filter>
  </ItemGroup>
  <ItemGroup>
    <ClCompile Include="..\..\GameEngine\Test\main.cpp">
      <Filter>Src</Filter>
    </ClCompile>
    <ClCompile Include="..\..\GameEngine\Test\Logic\ITestImpl.cpp">
      <Filter>Src\logic</Filter>
    </ClCompile>
  </ItemGroup>
  <ItemGroup>
    <ClInclude Include="..\..\GameEngine\Test\log\TestLog.h">
      <Filter>Src\log</Filter>
    </ClInclude>
    <ClInclude Include="..\..\GameEngine\Test\TestCmdManager.h">
      <Filter>Src</Filter>
    </ClInclude>
    <ClInclude Include="..\..\GameEngine\Test\TestDef.h">
      <Filter>Src</Filter>
    </ClInclude>
    <ClInclude Include="..\..\GameEngine\Test\Logic\ITestImpl.h">
      <Filter>Src\logic</Filter>
    </ClInclude>
    <ClInclude Include="..\..\GameEngine\Test\net\TestAsio.h">
      <Filter>Src\net</Filter>
    </ClInclude>
    <ClInclude Include="..\..\GameEngine\Test\lua\testLua.h">
      <Filter>Src\lua</Filter>
    </ClInclude>
  </ItemGroup>
</Project>