<?xml version="1.0" encoding="utf-8"?>
<Project ToolsVersion="4.0" xmlns="http://schemas.microsoft.com/developer/msbuild/2003">
  <ItemGroup>
    <Text Include="ReadMe.txt" />
  </ItemGroup>
  <ItemGroup>
    <Filter Include="Src">
      <UniqueIdentifier>{04979a0d-52c9-45fb-a5cf-863ee26ed54b}</UniqueIdentifier>
    </Filter>
  </ItemGroup>
  <ItemGroup>
    <ClCompile Include="..\..\GameEngine\Message\TestStruct.cpp">
      <Filter>Src</Filter>
    </ClCompile>
    <ClCompile Include="..\..\GameEngine\Message\Test.cpp">
      <Filter>Src</Filter>
    </ClCompile>
  </ItemGroup>
  <ItemGroup>
    <ClInclude Include="..\..\GameEngine\Message\TestStruct.h">
      <Filter>Src</Filter>
    </ClInclude>
    <ClInclude Include="..\..\GameEngine\Message\Test.h">
      <Filter>Src</Filter>
    </ClInclude>
  </ItemGroup>
</Project>